<?xml version="1.0" encoding="UTF-8"?>
<!DOCTYPE plist PUBLIC "-//Apple//DTD PLIST 1.0//EN" "http://www.apple.com/DTDs/PropertyList-1.0.dtd">
<plist version="1.0">
<dict>
	<key>archiveVersion</key>
	<string>1</string>
	<key>classes</key>
	<dict/>
	<key>objectVersion</key>
	<string>46</string>
	<key>objects</key>
	<dict>
		<key>1C7548AA3107405784584EA7</key>
		<dict>
			<key>explicitFileType</key>
			<string>archive.ar</string>
			<key>includeInIndex</key>
			<string>0</string>
			<key>isa</key>
			<string>PBXFileReference</string>
			<key>path</key>
			<string>libPods.a</string>
			<key>sourceTree</key>
			<string>BUILT_PRODUCTS_DIR</string>
		</dict>
		<key>410FB44E5A1F4B7995408F7D</key>
		<dict>
			<key>fileRef</key>
			<string>1C7548AA3107405784584EA7</string>
			<key>isa</key>
			<string>PBXBuildFile</string>
		</dict>
		<key>4416DD68EAD1471EA156C048</key>
		<dict>
			<key>includeInIndex</key>
			<string>1</string>
			<key>isa</key>
			<string>PBXFileReference</string>
			<key>lastKnownFileType</key>
			<string>text.xcconfig</string>
			<key>name</key>
			<string>Pods.xcconfig</string>
			<key>path</key>
			<string>Pods/Pods.xcconfig</string>
			<key>sourceTree</key>
			<string>&lt;group&gt;</string>
		</dict>
		<key>50E86FBA18F6DCB500BD1385</key>
		<dict>
			<key>children</key>
			<array>
				<string>50E8702118F7175A00BD1385</string>
				<string>50E8702218F7175A00BD1385</string>
				<string>50E8701118F7095900BD1385</string>
				<string>50E8701218F7095900BD1385</string>
				<string>50E8700D18F6E3EE00BD1385</string>
				<string>50E8700E18F6E3EE00BD1385</string>
				<string>50E8700518F6E18B00BD1385</string>
				<string>50E8700618F6E18B00BD1385</string>
				<string>50E8700918F6E19700BD1385</string>
				<string>50E8700A18F6E19700BD1385</string>
				<string>50E8700118F6E15800BD1385</string>
				<string>50E8700218F6E15800BD1385</string>
				<string>50E86FCC18F6DCB600BD1385</string>
				<string>50E86FEE18F6DCB600BD1385</string>
				<string>50E86FC518F6DCB500BD1385</string>
				<string>50E86FC418F6DCB500BD1385</string>
				<string>4416DD68EAD1471EA156C048</string>
			</array>
			<key>isa</key>
			<string>PBXGroup</string>
			<key>sourceTree</key>
			<string>&lt;group&gt;</string>
		</dict>
		<key>50E86FBB18F6DCB500BD1385</key>
		<dict>
			<key>attributes</key>
			<dict>
				<key>CLASSPREFIX</key>
				<string>DR</string>
				<key>LastUpgradeCheck</key>
				<string>0510</string>
				<key>ORGANIZATIONNAME</key>
				<string>Alexander Forselius</string>
				<key>TargetAttributes</key>
				<dict>
					<key>50E86FE618F6DCB600BD1385</key>
					<dict>
						<key>TestTargetID</key>
						<string>50E86FC218F6DCB500BD1385</string>
					</dict>
				</dict>
			</dict>
			<key>buildConfigurationList</key>
			<string>50E86FBE18F6DCB500BD1385</string>
			<key>compatibilityVersion</key>
			<string>Xcode 3.2</string>
			<key>developmentRegion</key>
			<string>English</string>
			<key>hasScannedForEncodings</key>
			<string>0</string>
			<key>isa</key>
			<string>PBXProject</string>
			<key>knownRegions</key>
			<array>
				<string>en</string>
				<string>Base</string>
			</array>
			<key>mainGroup</key>
			<string>50E86FBA18F6DCB500BD1385</string>
			<key>productRefGroup</key>
			<string>50E86FC418F6DCB500BD1385</string>
			<key>projectDirPath</key>
			<string></string>
			<key>projectReferences</key>
			<array/>
			<key>projectRoot</key>
			<string></string>
			<key>targets</key>
			<array>
				<string>50E86FC218F6DCB500BD1385</string>
				<string>50E86FE618F6DCB600BD1385</string>
			</array>
		</dict>
		<key>50E86FBE18F6DCB500BD1385</key>
		<dict>
			<key>buildConfigurations</key>
			<array>
				<string>50E86FF618F6DCB600BD1385</string>
				<string>50E86FF718F6DCB600BD1385</string>
			</array>
			<key>defaultConfigurationIsVisible</key>
			<string>0</string>
			<key>defaultConfigurationName</key>
			<string>Release</string>
			<key>isa</key>
			<string>XCConfigurationList</string>
		</dict>
		<key>50E86FBF18F6DCB500BD1385</key>
		<dict>
			<key>buildActionMask</key>
			<string>2147483647</string>
			<key>files</key>
			<array>
				<string>50E8700718F6E18B00BD1385</string>
				<string>50E86FE018F6DCB600BD1385</string>
				<string>50E86FD718F6DCB600BD1385</string>
				<string>50E8702318F7175A00BD1385</string>
				<string>50E8700F18F6E3EE00BD1385</string>
				<string>50E86FDD18F6DCB600BD1385</string>
				<string>50E8700018F6E13D00BD1385</string>
				<string>50E8700B18F6E19700BD1385</string>
				<string>50E8700318F6E15800BD1385</string>
				<string>50E8701718F70BB400BD1385</string>
				<string>50E8702018F715C600BD1385</string>
				<string>50E86FD318F6DCB600BD1385</string>
				<string>50E8701318F7095900BD1385</string>
			</array>
			<key>isa</key>
			<string>PBXSourcesBuildPhase</string>
			<key>runOnlyForDeploymentPostprocessing</key>
			<string>0</string>
		</dict>
		<key>50E86FC018F6DCB500BD1385</key>
		<dict>
			<key>buildActionMask</key>
			<string>2147483647</string>
			<key>files</key>
			<array>
				<string>50E86FC918F6DCB600BD1385</string>
				<string>50E86FCB18F6DCB600BD1385</string>
				<string>50E86FC718F6DCB600BD1385</string>
				<string>410FB44E5A1F4B7995408F7D</string>
			</array>
			<key>isa</key>
			<string>PBXFrameworksBuildPhase</string>
			<key>runOnlyForDeploymentPostprocessing</key>
			<string>0</string>
		</dict>
		<key>50E86FC118F6DCB500BD1385</key>
		<dict>
			<key>buildActionMask</key>
			<string>2147483647</string>
			<key>files</key>
			<array>
				<string>50E86FE218F6DCB600BD1385</string>
				<string>50E86FD118F6DCB600BD1385</string>
				<string>50E86FDA18F6DCB600BD1385</string>
			</array>
			<key>isa</key>
			<string>PBXResourcesBuildPhase</string>
			<key>runOnlyForDeploymentPostprocessing</key>
			<string>0</string>
		</dict>
		<key>50E86FC218F6DCB500BD1385</key>
		<dict>
			<key>buildConfigurationList</key>
			<string>50E86FF818F6DCB600BD1385</string>
			<key>buildPhases</key>
			<array>
				<string>6648F52C34CD4940B4B09269</string>
				<string>50E86FBF18F6DCB500BD1385</string>
				<string>50E86FC018F6DCB500BD1385</string>
				<string>50E86FC118F6DCB500BD1385</string>
				<string>DA5CF45C49204500AD84F28F</string>
			</array>
			<key>buildRules</key>
			<array/>
			<key>dependencies</key>
			<array/>
			<key>isa</key>
			<string>PBXNativeTarget</string>
			<key>name</key>
			<string>Dr. Sounds</string>
			<key>productName</key>
			<string>Dr. Sounds</string>
			<key>productReference</key>
			<string>50E86FC318F6DCB500BD1385</string>
			<key>productType</key>
			<string>com.apple.product-type.application</string>
		</dict>
		<key>50E86FC318F6DCB500BD1385</key>
		<dict>
			<key>explicitFileType</key>
			<string>wrapper.application</string>
			<key>includeInIndex</key>
			<string>0</string>
			<key>isa</key>
			<string>PBXFileReference</string>
			<key>path</key>
			<string>Dr. Sounds.app</string>
			<key>sourceTree</key>
			<string>BUILT_PRODUCTS_DIR</string>
		</dict>
		<key>50E86FC418F6DCB500BD1385</key>
		<dict>
			<key>children</key>
			<array>
				<string>50E86FC318F6DCB500BD1385</string>
				<string>50E86FE718F6DCB600BD1385</string>
			</array>
			<key>isa</key>
			<string>PBXGroup</string>
			<key>name</key>
			<string>Products</string>
			<key>sourceTree</key>
			<string>&lt;group&gt;</string>
		</dict>
		<key>50E86FC518F6DCB500BD1385</key>
		<dict>
			<key>children</key>
			<array>
				<string>50E86FC618F6DCB500BD1385</string>
				<string>50E86FC818F6DCB600BD1385</string>
				<string>50E86FCA18F6DCB600BD1385</string>
				<string>50E86FE818F6DCB600BD1385</string>
				<string>1C7548AA3107405784584EA7</string>
			</array>
			<key>isa</key>
			<string>PBXGroup</string>
			<key>name</key>
			<string>Frameworks</string>
			<key>sourceTree</key>
			<string>&lt;group&gt;</string>
		</dict>
		<key>50E86FC618F6DCB500BD1385</key>
		<dict>
			<key>isa</key>
			<string>PBXFileReference</string>
			<key>lastKnownFileType</key>
			<string>wrapper.framework</string>
			<key>name</key>
			<string>Foundation.framework</string>
			<key>path</key>
			<string>System/Library/Frameworks/Foundation.framework</string>
			<key>sourceTree</key>
			<string>SDKROOT</string>
		</dict>
		<key>50E86FC718F6DCB600BD1385</key>
		<dict>
			<key>fileRef</key>
			<string>50E86FC618F6DCB500BD1385</string>
			<key>isa</key>
			<string>PBXBuildFile</string>
		</dict>
		<key>50E86FC818F6DCB600BD1385</key>
		<dict>
			<key>isa</key>
			<string>PBXFileReference</string>
			<key>lastKnownFileType</key>
			<string>wrapper.framework</string>
			<key>name</key>
			<string>CoreGraphics.framework</string>
			<key>path</key>
			<string>System/Library/Frameworks/CoreGraphics.framework</string>
			<key>sourceTree</key>
			<string>SDKROOT</string>
		</dict>
		<key>50E86FC918F6DCB600BD1385</key>
		<dict>
			<key>fileRef</key>
			<string>50E86FC818F6DCB600BD1385</string>
			<key>isa</key>
			<string>PBXBuildFile</string>
		</dict>
		<key>50E86FCA18F6DCB600BD1385</key>
		<dict>
			<key>isa</key>
			<string>PBXFileReference</string>
			<key>lastKnownFileType</key>
			<string>wrapper.framework</string>
			<key>name</key>
			<string>UIKit.framework</string>
			<key>path</key>
			<string>System/Library/Frameworks/UIKit.framework</string>
			<key>sourceTree</key>
			<string>SDKROOT</string>
		</dict>
		<key>50E86FCB18F6DCB600BD1385</key>
		<dict>
			<key>fileRef</key>
			<string>50E86FCA18F6DCB600BD1385</string>
			<key>isa</key>
			<string>PBXBuildFile</string>
		</dict>
		<key>50E86FCC18F6DCB600BD1385</key>
		<dict>
			<key>children</key>
			<array>
				<string>50E8701E18F715C600BD1385</string>
				<string>50E8701F18F715C600BD1385</string>
				<string>50E86FD518F6DCB600BD1385</string>
				<string>50E86FD618F6DCB600BD1385</string>
				<string>50E86FD818F6DCB600BD1385</string>
				<string>50E86FDB18F6DCB600BD1385</string>
				<string>50E86FDC18F6DCB600BD1385</string>
				<string>50E86FDE18F6DCB600BD1385</string>
				<string>50E86FDF18F6DCB600BD1385</string>
				<string>50E86FE118F6DCB600BD1385</string>
				<string>50E86FCD18F6DCB600BD1385</string>
				<string>50E86FFE18F6E13D00BD1385</string>
				<string>50E86FFF18F6E13D00BD1385</string>
				<string>50E8701518F70BB400BD1385</string>
				<string>50E8701618F70BB400BD1385</string>
			</array>
			<key>isa</key>
			<string>PBXGroup</string>
			<key>path</key>
			<string>Dr. Sounds</string>
			<key>sourceTree</key>
			<string>&lt;group&gt;</string>
		</dict>
		<key>50E86FCD18F6DCB600BD1385</key>
		<dict>
			<key>children</key>
			<array>
				<string>50E86FCE18F6DCB600BD1385</string>
				<string>50E86FCF18F6DCB600BD1385</string>
				<string>50E86FD218F6DCB600BD1385</string>
				<string>50E86FD418F6DCB600BD1385</string>
			</array>
			<key>isa</key>
			<string>PBXGroup</string>
			<key>name</key>
			<string>Supporting Files</string>
			<key>sourceTree</key>
			<string>&lt;group&gt;</string>
		</dict>
		<key>50E86FCE18F6DCB600BD1385</key>
		<dict>
			<key>isa</key>
			<string>PBXFileReference</string>
			<key>lastKnownFileType</key>
			<string>text.plist.xml</string>
			<key>path</key>
			<string>Dr. Sounds-Info.plist</string>
			<key>sourceTree</key>
			<string>&lt;group&gt;</string>
		</dict>
		<key>50E86FCF18F6DCB600BD1385</key>
		<dict>
			<key>children</key>
			<array>
				<string>50E86FD018F6DCB600BD1385</string>
			</array>
			<key>isa</key>
			<string>PBXVariantGroup</string>
			<key>name</key>
			<string>InfoPlist.strings</string>
			<key>sourceTree</key>
			<string>&lt;group&gt;</string>
		</dict>
		<key>50E86FD018F6DCB600BD1385</key>
		<dict>
			<key>isa</key>
			<string>PBXFileReference</string>
			<key>lastKnownFileType</key>
			<string>text.plist.strings</string>
			<key>name</key>
			<string>en</string>
			<key>path</key>
			<string>en.lproj/InfoPlist.strings</string>
			<key>sourceTree</key>
			<string>&lt;group&gt;</string>
		</dict>
		<key>50E86FD118F6DCB600BD1385</key>
		<dict>
			<key>fileRef</key>
			<string>50E86FCF18F6DCB600BD1385</string>
			<key>isa</key>
			<string>PBXBuildFile</string>
		</dict>
		<key>50E86FD218F6DCB600BD1385</key>
		<dict>
			<key>isa</key>
			<string>PBXFileReference</string>
			<key>lastKnownFileType</key>
			<string>sourcecode.c.objc</string>
			<key>path</key>
			<string>main.m</string>
			<key>sourceTree</key>
			<string>&lt;group&gt;</string>
		</dict>
		<key>50E86FD318F6DCB600BD1385</key>
		<dict>
			<key>fileRef</key>
			<string>50E86FD218F6DCB600BD1385</string>
			<key>isa</key>
			<string>PBXBuildFile</string>
		</dict>
		<key>50E86FD418F6DCB600BD1385</key>
		<dict>
			<key>isa</key>
			<string>PBXFileReference</string>
			<key>lastKnownFileType</key>
			<string>sourcecode.c.h</string>
			<key>path</key>
			<string>Dr. Sounds-Prefix.pch</string>
			<key>sourceTree</key>
			<string>&lt;group&gt;</string>
		</dict>
		<key>50E86FD518F6DCB600BD1385</key>
		<dict>
			<key>isa</key>
			<string>PBXFileReference</string>
			<key>lastKnownFileType</key>
			<string>sourcecode.c.h</string>
			<key>path</key>
			<string>DRAppDelegate.h</string>
			<key>sourceTree</key>
			<string>&lt;group&gt;</string>
		</dict>
		<key>50E86FD618F6DCB600BD1385</key>
		<dict>
			<key>isa</key>
			<string>PBXFileReference</string>
			<key>lastKnownFileType</key>
			<string>sourcecode.c.objc</string>
			<key>path</key>
			<string>DRAppDelegate.m</string>
			<key>sourceTree</key>
			<string>&lt;group&gt;</string>
		</dict>
		<key>50E86FD718F6DCB600BD1385</key>
		<dict>
			<key>fileRef</key>
			<string>50E86FD618F6DCB600BD1385</string>
			<key>isa</key>
			<string>PBXBuildFile</string>
		</dict>
		<key>50E86FD818F6DCB600BD1385</key>
		<dict>
			<key>children</key>
			<array>
				<string>50E86FD918F6DCB600BD1385</string>
			</array>
			<key>isa</key>
			<string>PBXVariantGroup</string>
			<key>name</key>
			<string>Main.storyboard</string>
			<key>sourceTree</key>
			<string>&lt;group&gt;</string>
		</dict>
		<key>50E86FD918F6DCB600BD1385</key>
		<dict>
			<key>isa</key>
			<string>PBXFileReference</string>
			<key>lastKnownFileType</key>
			<string>file.storyboard</string>
			<key>name</key>
			<string>Base</string>
			<key>path</key>
			<string>Base.lproj/Main.storyboard</string>
			<key>sourceTree</key>
			<string>&lt;group&gt;</string>
		</dict>
		<key>50E86FDA18F6DCB600BD1385</key>
		<dict>
			<key>fileRef</key>
			<string>50E86FD818F6DCB600BD1385</string>
			<key>isa</key>
			<string>PBXBuildFile</string>
		</dict>
		<key>50E86FDB18F6DCB600BD1385</key>
		<dict>
			<key>isa</key>
			<string>PBXFileReference</string>
			<key>lastKnownFileType</key>
			<string>sourcecode.c.h</string>
			<key>path</key>
			<string>DRFirstViewController.h</string>
			<key>sourceTree</key>
			<string>&lt;group&gt;</string>
		</dict>
		<key>50E86FDC18F6DCB600BD1385</key>
		<dict>
			<key>isa</key>
			<string>PBXFileReference</string>
			<key>lastKnownFileType</key>
			<string>sourcecode.c.objc</string>
			<key>path</key>
			<string>DRFirstViewController.m</string>
			<key>sourceTree</key>
			<string>&lt;group&gt;</string>
		</dict>
		<key>50E86FDD18F6DCB600BD1385</key>
		<dict>
			<key>fileRef</key>
			<string>50E86FDC18F6DCB600BD1385</string>
			<key>isa</key>
			<string>PBXBuildFile</string>
		</dict>
		<key>50E86FDE18F6DCB600BD1385</key>
		<dict>
			<key>isa</key>
			<string>PBXFileReference</string>
			<key>lastKnownFileType</key>
			<string>sourcecode.c.h</string>
			<key>path</key>
			<string>DRSecondViewController.h</string>
			<key>sourceTree</key>
			<string>&lt;group&gt;</string>
		</dict>
		<key>50E86FDF18F6DCB600BD1385</key>
		<dict>
			<key>isa</key>
			<string>PBXFileReference</string>
			<key>lastKnownFileType</key>
			<string>sourcecode.c.objc</string>
			<key>path</key>
			<string>DRSecondViewController.m</string>
			<key>sourceTree</key>
			<string>&lt;group&gt;</string>
		</dict>
		<key>50E86FE018F6DCB600BD1385</key>
		<dict>
			<key>fileRef</key>
			<string>50E86FDF18F6DCB600BD1385</string>
			<key>isa</key>
			<string>PBXBuildFile</string>
		</dict>
		<key>50E86FE118F6DCB600BD1385</key>
		<dict>
			<key>isa</key>
			<string>PBXFileReference</string>
			<key>lastKnownFileType</key>
			<string>folder.assetcatalog</string>
			<key>path</key>
			<string>Images.xcassets</string>
			<key>sourceTree</key>
			<string>&lt;group&gt;</string>
		</dict>
		<key>50E86FE218F6DCB600BD1385</key>
		<dict>
			<key>fileRef</key>
			<string>50E86FE118F6DCB600BD1385</string>
			<key>isa</key>
			<string>PBXBuildFile</string>
		</dict>
		<key>50E86FE318F6DCB600BD1385</key>
		<dict>
			<key>buildActionMask</key>
			<string>2147483647</string>
			<key>files</key>
			<array>
				<string>50E8700818F6E18B00BD1385</string>
				<string>50E8702418F7175A00BD1385</string>
				<string>50E8700C18F6E19700BD1385</string>
				<string>50E8701018F6E3EE00BD1385</string>
				<string>50E8701418F7095900BD1385</string>
				<string>50E8700418F6E15800BD1385</string>
				<string>50E86FF518F6DCB600BD1385</string>
			</array>
			<key>isa</key>
			<string>PBXSourcesBuildPhase</string>
			<key>runOnlyForDeploymentPostprocessing</key>
			<string>0</string>
		</dict>
		<key>50E86FE418F6DCB600BD1385</key>
		<dict>
			<key>buildActionMask</key>
			<string>2147483647</string>
			<key>files</key>
			<array>
				<string>50E86FE918F6DCB600BD1385</string>
				<string>50E86FEB18F6DCB600BD1385</string>
				<string>50E86FEA18F6DCB600BD1385</string>
			</array>
			<key>isa</key>
			<string>PBXFrameworksBuildPhase</string>
			<key>runOnlyForDeploymentPostprocessing</key>
			<string>0</string>
		</dict>
		<key>50E86FE518F6DCB600BD1385</key>
		<dict>
			<key>buildActionMask</key>
			<string>2147483647</string>
			<key>files</key>
			<array>
				<string>50E86FF318F6DCB600BD1385</string>
			</array>
			<key>isa</key>
			<string>PBXResourcesBuildPhase</string>
			<key>runOnlyForDeploymentPostprocessing</key>
			<string>0</string>
		</dict>
		<key>50E86FE618F6DCB600BD1385</key>
		<dict>
			<key>buildConfigurationList</key>
			<string>50E86FFB18F6DCB600BD1385</string>
			<key>buildPhases</key>
			<array>
				<string>50E86FE318F6DCB600BD1385</string>
				<string>50E86FE418F6DCB600BD1385</string>
				<string>50E86FE518F6DCB600BD1385</string>
			</array>
			<key>buildRules</key>
			<array/>
			<key>dependencies</key>
			<array>
				<string>50E86FED18F6DCB600BD1385</string>
			</array>
			<key>isa</key>
			<string>PBXNativeTarget</string>
			<key>name</key>
			<string>Dr. SoundsTests</string>
			<key>productName</key>
			<string>Dr. SoundsTests</string>
			<key>productReference</key>
			<string>50E86FE718F6DCB600BD1385</string>
			<key>productType</key>
			<string>com.apple.product-type.bundle.unit-test</string>
		</dict>
		<key>50E86FE718F6DCB600BD1385</key>
		<dict>
			<key>explicitFileType</key>
			<string>wrapper.cfbundle</string>
			<key>includeInIndex</key>
			<string>0</string>
			<key>isa</key>
			<string>PBXFileReference</string>
			<key>path</key>
			<string>Dr. SoundsTests.xctest</string>
			<key>sourceTree</key>
			<string>BUILT_PRODUCTS_DIR</string>
		</dict>
		<key>50E86FE818F6DCB600BD1385</key>
		<dict>
			<key>isa</key>
			<string>PBXFileReference</string>
			<key>lastKnownFileType</key>
			<string>wrapper.framework</string>
			<key>name</key>
			<string>XCTest.framework</string>
			<key>path</key>
			<string>Library/Frameworks/XCTest.framework</string>
			<key>sourceTree</key>
			<string>DEVELOPER_DIR</string>
		</dict>
		<key>50E86FE918F6DCB600BD1385</key>
		<dict>
			<key>fileRef</key>
			<string>50E86FE818F6DCB600BD1385</string>
			<key>isa</key>
			<string>PBXBuildFile</string>
		</dict>
		<key>50E86FEA18F6DCB600BD1385</key>
		<dict>
			<key>fileRef</key>
			<string>50E86FC618F6DCB500BD1385</string>
			<key>isa</key>
			<string>PBXBuildFile</string>
		</dict>
		<key>50E86FEB18F6DCB600BD1385</key>
		<dict>
			<key>fileRef</key>
			<string>50E86FCA18F6DCB600BD1385</string>
			<key>isa</key>
			<string>PBXBuildFile</string>
		</dict>
		<key>50E86FEC18F6DCB600BD1385</key>
		<dict>
			<key>containerPortal</key>
			<string>50E86FBB18F6DCB500BD1385</string>
			<key>isa</key>
			<string>PBXContainerItemProxy</string>
			<key>proxyType</key>
			<string>1</string>
			<key>remoteGlobalIDString</key>
			<string>50E86FC218F6DCB500BD1385</string>
			<key>remoteInfo</key>
			<string>Dr. Sounds</string>
		</dict>
		<key>50E86FED18F6DCB600BD1385</key>
		<dict>
			<key>isa</key>
			<string>PBXTargetDependency</string>
			<key>target</key>
			<string>50E86FC218F6DCB500BD1385</string>
			<key>targetProxy</key>
			<string>50E86FEC18F6DCB600BD1385</string>
		</dict>
		<key>50E86FEE18F6DCB600BD1385</key>
		<dict>
			<key>children</key>
			<array>
				<string>50E86FF418F6DCB600BD1385</string>
				<string>50E86FEF18F6DCB600BD1385</string>
			</array>
			<key>isa</key>
			<string>PBXGroup</string>
			<key>path</key>
			<string>Dr. SoundsTests</string>
			<key>sourceTree</key>
			<string>&lt;group&gt;</string>
		</dict>
		<key>50E86FEF18F6DCB600BD1385</key>
		<dict>
			<key>children</key>
			<array>
				<string>50E86FF018F6DCB600BD1385</string>
				<string>50E86FF118F6DCB600BD1385</string>
			</array>
			<key>isa</key>
			<string>PBXGroup</string>
			<key>name</key>
			<string>Supporting Files</string>
			<key>sourceTree</key>
			<string>&lt;group&gt;</string>
		</dict>
		<key>50E86FF018F6DCB600BD1385</key>
		<dict>
			<key>isa</key>
			<string>PBXFileReference</string>
			<key>lastKnownFileType</key>
			<string>text.plist.xml</string>
			<key>path</key>
			<string>Dr. SoundsTests-Info.plist</string>
			<key>sourceTree</key>
			<string>&lt;group&gt;</string>
		</dict>
		<key>50E86FF118F6DCB600BD1385</key>
		<dict>
			<key>children</key>
			<array>
				<string>50E86FF218F6DCB600BD1385</string>
			</array>
			<key>isa</key>
			<string>PBXVariantGroup</string>
			<key>name</key>
			<string>InfoPlist.strings</string>
			<key>sourceTree</key>
			<string>&lt;group&gt;</string>
		</dict>
		<key>50E86FF218F6DCB600BD1385</key>
		<dict>
			<key>isa</key>
			<string>PBXFileReference</string>
			<key>lastKnownFileType</key>
			<string>text.plist.strings</string>
			<key>name</key>
			<string>en</string>
			<key>path</key>
			<string>en.lproj/InfoPlist.strings</string>
			<key>sourceTree</key>
			<string>&lt;group&gt;</string>
		</dict>
		<key>50E86FF318F6DCB600BD1385</key>
		<dict>
			<key>fileRef</key>
			<string>50E86FF118F6DCB600BD1385</string>
			<key>isa</key>
			<string>PBXBuildFile</string>
		</dict>
		<key>50E86FF418F6DCB600BD1385</key>
		<dict>
			<key>isa</key>
			<string>PBXFileReference</string>
			<key>lastKnownFileType</key>
			<string>sourcecode.c.objc</string>
			<key>path</key>
			<string>Dr__SoundsTests.m</string>
			<key>sourceTree</key>
			<string>&lt;group&gt;</string>
		</dict>
		<key>50E86FF518F6DCB600BD1385</key>
		<dict>
			<key>fileRef</key>
			<string>50E86FF418F6DCB600BD1385</string>
			<key>isa</key>
			<string>PBXBuildFile</string>
		</dict>
		<key>50E86FF618F6DCB600BD1385</key>
		<dict>
			<key>buildSettings</key>
			<dict>
				<key>ALWAYS_SEARCH_USER_PATHS</key>
				<string>NO</string>
				<key>CLANG_CXX_LANGUAGE_STANDARD</key>
				<string>gnu++0x</string>
				<key>CLANG_CXX_LIBRARY</key>
				<string>libc++</string>
				<key>CLANG_ENABLE_MODULES</key>
				<string>YES</string>
				<key>CLANG_ENABLE_OBJC_ARC</key>
				<string>YES</string>
				<key>CLANG_WARN_BOOL_CONVERSION</key>
				<string>YES</string>
				<key>CLANG_WARN_CONSTANT_CONVERSION</key>
				<string>YES</string>
				<key>CLANG_WARN_DIRECT_OBJC_ISA_USAGE</key>
				<string>YES_ERROR</string>
				<key>CLANG_WARN_EMPTY_BODY</key>
				<string>YES</string>
				<key>CLANG_WARN_ENUM_CONVERSION</key>
				<string>YES</string>
				<key>CLANG_WARN_INT_CONVERSION</key>
				<string>YES</string>
				<key>CLANG_WARN_OBJC_ROOT_CLASS</key>
				<string>YES_ERROR</string>
				<key>CLANG_WARN__DUPLICATE_METHOD_MATCH</key>
				<string>YES</string>
				<key>CODE_SIGN_IDENTITY[sdk=iphoneos*]</key>
				<string>iPhone Developer</string>
				<key>COPY_PHASE_STRIP</key>
				<string>NO</string>
				<key>GCC_C_LANGUAGE_STANDARD</key>
				<string>gnu99</string>
				<key>GCC_DYNAMIC_NO_PIC</key>
				<string>NO</string>
				<key>GCC_OPTIMIZATION_LEVEL</key>
				<string>0</string>
				<key>GCC_PREPROCESSOR_DEFINITIONS</key>
				<array>
					<string>DEBUG=1</string>
					<string>$(inherited)</string>
				</array>
				<key>GCC_SYMBOLS_PRIVATE_EXTERN</key>
				<string>NO</string>
				<key>GCC_WARN_64_TO_32_BIT_CONVERSION</key>
				<string>YES</string>
				<key>GCC_WARN_ABOUT_RETURN_TYPE</key>
				<string>YES_ERROR</string>
				<key>GCC_WARN_UNDECLARED_SELECTOR</key>
				<string>YES</string>
				<key>GCC_WARN_UNINITIALIZED_AUTOS</key>
				<string>YES_AGGRESSIVE</string>
				<key>GCC_WARN_UNUSED_FUNCTION</key>
				<string>YES</string>
				<key>GCC_WARN_UNUSED_VARIABLE</key>
				<string>YES</string>
				<key>IPHONEOS_DEPLOYMENT_TARGET</key>
				<string>7.1</string>
				<key>ONLY_ACTIVE_ARCH</key>
				<string>YES</string>
				<key>SDKROOT</key>
				<string>iphoneos</string>
			</dict>
			<key>isa</key>
			<string>XCBuildConfiguration</string>
			<key>name</key>
			<string>Debug</string>
		</dict>
		<key>50E86FF718F6DCB600BD1385</key>
		<dict>
			<key>buildSettings</key>
			<dict>
				<key>ALWAYS_SEARCH_USER_PATHS</key>
				<string>NO</string>
				<key>CLANG_CXX_LANGUAGE_STANDARD</key>
				<string>gnu++0x</string>
				<key>CLANG_CXX_LIBRARY</key>
				<string>libc++</string>
				<key>CLANG_ENABLE_MODULES</key>
				<string>YES</string>
				<key>CLANG_ENABLE_OBJC_ARC</key>
				<string>YES</string>
				<key>CLANG_WARN_BOOL_CONVERSION</key>
				<string>YES</string>
				<key>CLANG_WARN_CONSTANT_CONVERSION</key>
				<string>YES</string>
				<key>CLANG_WARN_DIRECT_OBJC_ISA_USAGE</key>
				<string>YES_ERROR</string>
				<key>CLANG_WARN_EMPTY_BODY</key>
				<string>YES</string>
				<key>CLANG_WARN_ENUM_CONVERSION</key>
				<string>YES</string>
				<key>CLANG_WARN_INT_CONVERSION</key>
				<string>YES</string>
				<key>CLANG_WARN_OBJC_ROOT_CLASS</key>
				<string>YES_ERROR</string>
				<key>CLANG_WARN__DUPLICATE_METHOD_MATCH</key>
				<string>YES</string>
				<key>CODE_SIGN_IDENTITY[sdk=iphoneos*]</key>
				<string>iPhone Developer</string>
				<key>COPY_PHASE_STRIP</key>
				<string>YES</string>
				<key>ENABLE_NS_ASSERTIONS</key>
				<string>NO</string>
				<key>GCC_C_LANGUAGE_STANDARD</key>
				<string>gnu99</string>
				<key>GCC_WARN_64_TO_32_BIT_CONVERSION</key>
				<string>YES</string>
				<key>GCC_WARN_ABOUT_RETURN_TYPE</key>
				<string>YES_ERROR</string>
				<key>GCC_WARN_UNDECLARED_SELECTOR</key>
				<string>YES</string>
				<key>GCC_WARN_UNINITIALIZED_AUTOS</key>
				<string>YES_AGGRESSIVE</string>
				<key>GCC_WARN_UNUSED_FUNCTION</key>
				<string>YES</string>
				<key>GCC_WARN_UNUSED_VARIABLE</key>
				<string>YES</string>
				<key>IPHONEOS_DEPLOYMENT_TARGET</key>
				<string>7.1</string>
				<key>SDKROOT</key>
				<string>iphoneos</string>
				<key>VALIDATE_PRODUCT</key>
				<string>YES</string>
			</dict>
			<key>isa</key>
			<string>XCBuildConfiguration</string>
			<key>name</key>
			<string>Release</string>
		</dict>
		<key>50E86FF818F6DCB600BD1385</key>
		<dict>
			<key>buildConfigurations</key>
			<array>
				<string>50E86FF918F6DCB600BD1385</string>
				<string>50E86FFA18F6DCB600BD1385</string>
			</array>
			<key>defaultConfigurationIsVisible</key>
			<string>0</string>
			<key>isa</key>
			<string>XCConfigurationList</string>
		</dict>
		<key>50E86FF918F6DCB600BD1385</key>
		<dict>
			<key>baseConfigurationReference</key>
			<string>4416DD68EAD1471EA156C048</string>
			<key>buildSettings</key>
			<dict>
				<key>ASSETCATALOG_COMPILER_APPICON_NAME</key>
				<string>AppIcon</string>
				<key>ASSETCATALOG_COMPILER_LAUNCHIMAGE_NAME</key>
				<string>LaunchImage</string>
				<key>GCC_PRECOMPILE_PREFIX_HEADER</key>
				<string>YES</string>
				<key>GCC_PREFIX_HEADER</key>
				<string>Dr. Sounds/Dr. Sounds-Prefix.pch</string>
				<key>INFOPLIST_FILE</key>
				<string>Dr. Sounds/Dr. Sounds-Info.plist</string>
				<key>PRODUCT_NAME</key>
				<string>$(TARGET_NAME)</string>
				<key>WRAPPER_EXTENSION</key>
				<string>app</string>
			</dict>
			<key>isa</key>
			<string>XCBuildConfiguration</string>
			<key>name</key>
			<string>Debug</string>
		</dict>
		<key>50E86FFA18F6DCB600BD1385</key>
		<dict>
			<key>baseConfigurationReference</key>
			<string>4416DD68EAD1471EA156C048</string>
			<key>buildSettings</key>
			<dict>
				<key>ASSETCATALOG_COMPILER_APPICON_NAME</key>
				<string>AppIcon</string>
				<key>ASSETCATALOG_COMPILER_LAUNCHIMAGE_NAME</key>
				<string>LaunchImage</string>
				<key>GCC_PRECOMPILE_PREFIX_HEADER</key>
				<string>YES</string>
				<key>GCC_PREFIX_HEADER</key>
				<string>Dr. Sounds/Dr. Sounds-Prefix.pch</string>
				<key>INFOPLIST_FILE</key>
				<string>Dr. Sounds/Dr. Sounds-Info.plist</string>
				<key>PRODUCT_NAME</key>
				<string>$(TARGET_NAME)</string>
				<key>WRAPPER_EXTENSION</key>
				<string>app</string>
			</dict>
			<key>isa</key>
			<string>XCBuildConfiguration</string>
			<key>name</key>
			<string>Release</string>
		</dict>
		<key>50E86FFB18F6DCB600BD1385</key>
		<dict>
			<key>buildConfigurations</key>
			<array>
				<string>50E86FFC18F6DCB600BD1385</string>
				<string>50E86FFD18F6DCB600BD1385</string>
			</array>
			<key>defaultConfigurationIsVisible</key>
			<string>0</string>
			<key>isa</key>
			<string>XCConfigurationList</string>
		</dict>
		<key>50E86FFC18F6DCB600BD1385</key>
		<dict>
			<key>buildSettings</key>
			<dict>
				<key>BUNDLE_LOADER</key>
				<string>$(BUILT_PRODUCTS_DIR)/Dr. Sounds.app/Dr. Sounds</string>
				<key>FRAMEWORK_SEARCH_PATHS</key>
				<array>
					<string>$(SDKROOT)/Developer/Library/Frameworks</string>
					<string>$(inherited)</string>
					<string>$(DEVELOPER_FRAMEWORKS_DIR)</string>
				</array>
				<key>GCC_PRECOMPILE_PREFIX_HEADER</key>
				<string>YES</string>
				<key>GCC_PREFIX_HEADER</key>
				<string>Dr. Sounds/Dr. Sounds-Prefix.pch</string>
				<key>GCC_PREPROCESSOR_DEFINITIONS</key>
				<array>
					<string>DEBUG=1</string>
					<string>$(inherited)</string>
				</array>
				<key>INFOPLIST_FILE</key>
				<string>Dr. SoundsTests/Dr. SoundsTests-Info.plist</string>
				<key>PRODUCT_NAME</key>
				<string>$(TARGET_NAME)</string>
				<key>TEST_HOST</key>
				<string>$(BUNDLE_LOADER)</string>
				<key>WRAPPER_EXTENSION</key>
				<string>xctest</string>
			</dict>
			<key>isa</key>
			<string>XCBuildConfiguration</string>
			<key>name</key>
			<string>Debug</string>
		</dict>
		<key>50E86FFD18F6DCB600BD1385</key>
		<dict>
			<key>buildSettings</key>
			<dict>
				<key>BUNDLE_LOADER</key>
				<string>$(BUILT_PRODUCTS_DIR)/Dr. Sounds.app/Dr. Sounds</string>
				<key>FRAMEWORK_SEARCH_PATHS</key>
				<array>
					<string>$(SDKROOT)/Developer/Library/Frameworks</string>
					<string>$(inherited)</string>
					<string>$(DEVELOPER_FRAMEWORKS_DIR)</string>
				</array>
				<key>GCC_PRECOMPILE_PREFIX_HEADER</key>
				<string>YES</string>
				<key>GCC_PREFIX_HEADER</key>
				<string>Dr. Sounds/Dr. Sounds-Prefix.pch</string>
				<key>INFOPLIST_FILE</key>
				<string>Dr. SoundsTests/Dr. SoundsTests-Info.plist</string>
				<key>PRODUCT_NAME</key>
				<string>$(TARGET_NAME)</string>
				<key>TEST_HOST</key>
				<string>$(BUNDLE_LOADER)</string>
				<key>WRAPPER_EXTENSION</key>
				<string>xctest</string>
			</dict>
			<key>isa</key>
			<string>XCBuildConfiguration</string>
			<key>name</key>
			<string>Release</string>
		</dict>
		<key>50E86FFE18F6E13D00BD1385</key>
		<dict>
			<key>fileEncoding</key>
			<string>4</string>
			<key>isa</key>
			<string>PBXFileReference</string>
			<key>lastKnownFileType</key>
			<string>sourcecode.c.h</string>
			<key>path</key>
			<string>DRReleasesTableViewController.h</string>
			<key>sourceTree</key>
			<string>&lt;group&gt;</string>
		</dict>
		<key>50E86FFF18F6E13D00BD1385</key>
		<dict>
			<key>fileEncoding</key>
			<string>4</string>
			<key>isa</key>
			<string>PBXFileReference</string>
			<key>lastKnownFileType</key>
			<string>sourcecode.c.objc</string>
			<key>path</key>
			<string>DRReleasesTableViewController.m</string>
			<key>sourceTree</key>
			<string>&lt;group&gt;</string>
		</dict>
		<key>50E8700018F6E13D00BD1385</key>
		<dict>
			<key>fileRef</key>
			<string>50E86FFF18F6E13D00BD1385</string>
			<key>isa</key>
			<string>PBXBuildFile</string>
		</dict>
		<key>50E8700118F6E15800BD1385</key>
		<dict>
			<key>fileEncoding</key>
			<string>4</string>
			<key>isa</key>
			<string>PBXFileReference</string>
			<key>lastKnownFileType</key>
			<string>sourcecode.c.h</string>
			<key>path</key>
			<string>DRDataSource.h</string>
			<key>sourceTree</key>
			<string>&lt;group&gt;</string>
		</dict>
		<key>50E8700218F6E15800BD1385</key>
		<dict>
			<key>fileEncoding</key>
			<string>4</string>
			<key>isa</key>
			<string>PBXFileReference</string>
			<key>lastKnownFileType</key>
			<string>sourcecode.c.objc</string>
			<key>path</key>
			<string>DRDataSource.m</string>
			<key>sourceTree</key>
			<string>&lt;group&gt;</string>
		</dict>
		<key>50E8700318F6E15800BD1385</key>
		<dict>
			<key>fileRef</key>
			<string>50E8700218F6E15800BD1385</string>
			<key>isa</key>
			<string>PBXBuildFile</string>
		</dict>
		<key>50E8700418F6E15800BD1385</key>
		<dict>
			<key>fileRef</key>
			<string>50E8700218F6E15800BD1385</string>
			<key>isa</key>
			<string>PBXBuildFile</string>
		</dict>
		<key>50E8700518F6E18B00BD1385</key>
		<dict>
			<key>fileEncoding</key>
			<string>4</string>
			<key>isa</key>
			<string>PBXFileReference</string>
			<key>lastKnownFileType</key>
			<string>sourcecode.c.h</string>
			<key>path</key>
			<string>DRRelease.h</string>
			<key>sourceTree</key>
			<string>&lt;group&gt;</string>
		</dict>
		<key>50E8700618F6E18B00BD1385</key>
		<dict>
			<key>fileEncoding</key>
			<string>4</string>
			<key>isa</key>
			<string>PBXFileReference</string>
			<key>lastKnownFileType</key>
			<string>sourcecode.c.objc</string>
			<key>path</key>
			<string>DRRelease.m</string>
			<key>sourceTree</key>
			<string>&lt;group&gt;</string>
		</dict>
		<key>50E8700718F6E18B00BD1385</key>
		<dict>
			<key>fileRef</key>
			<string>50E8700618F6E18B00BD1385</string>
			<key>isa</key>
			<string>PBXBuildFile</string>
		</dict>
		<key>50E8700818F6E18B00BD1385</key>
		<dict>
			<key>fileRef</key>
			<string>50E8700618F6E18B00BD1385</string>
			<key>isa</key>
			<string>PBXBuildFile</string>
		</dict>
		<key>50E8700918F6E19700BD1385</key>
		<dict>
			<key>fileEncoding</key>
			<string>4</string>
			<key>isa</key>
			<string>PBXFileReference</string>
			<key>lastKnownFileType</key>
			<string>sourcecode.c.h</string>
			<key>path</key>
			<string>DRResource.h</string>
			<key>sourceTree</key>
			<string>&lt;group&gt;</string>
		</dict>
		<key>50E8700A18F6E19700BD1385</key>
		<dict>
			<key>fileEncoding</key>
			<string>4</string>
			<key>isa</key>
			<string>PBXFileReference</string>
			<key>lastKnownFileType</key>
			<string>sourcecode.c.objc</string>
			<key>path</key>
			<string>DRResource.m</string>
			<key>sourceTree</key>
			<string>&lt;group&gt;</string>
		</dict>
		<key>50E8700B18F6E19700BD1385</key>
		<dict>
			<key>fileRef</key>
			<string>50E8700A18F6E19700BD1385</string>
			<key>isa</key>
			<string>PBXBuildFile</string>
		</dict>
		<key>50E8700C18F6E19700BD1385</key>
		<dict>
			<key>fileRef</key>
			<string>50E8700A18F6E19700BD1385</string>
			<key>isa</key>
			<string>PBXBuildFile</string>
		</dict>
		<key>50E8700D18F6E3EE00BD1385</key>
		<dict>
			<key>fileEncoding</key>
			<string>4</string>
			<key>isa</key>
			<string>PBXFileReference</string>
			<key>lastKnownFileType</key>
			<string>sourcecode.c.h</string>
			<key>path</key>
			<string>DRTrack.h</string>
			<key>sourceTree</key>
			<string>&lt;group&gt;</string>
		</dict>
		<key>50E8700E18F6E3EE00BD1385</key>
		<dict>
			<key>fileEncoding</key>
			<string>4</string>
			<key>isa</key>
			<string>PBXFileReference</string>
			<key>lastKnownFileType</key>
			<string>sourcecode.c.objc</string>
			<key>path</key>
			<string>DRTrack.m</string>
			<key>sourceTree</key>
			<string>&lt;group&gt;</string>
		</dict>
		<key>50E8700F18F6E3EE00BD1385</key>
		<dict>
			<key>fileRef</key>
			<string>50E8700E18F6E3EE00BD1385</string>
			<key>isa</key>
			<string>PBXBuildFile</string>
		</dict>
		<key>50E8701018F6E3EE00BD1385</key>
		<dict>
			<key>fileRef</key>
			<string>50E8700E18F6E3EE00BD1385</string>
			<key>isa</key>
			<string>PBXBuildFile</string>
		</dict>
		<key>50E8701118F7095900BD1385</key>
		<dict>
			<key>fileEncoding</key>
			<string>4</string>
			<key>isa</key>
			<string>PBXFileReference</string>
			<key>lastKnownFileType</key>
			<string>sourcecode.c.h</string>
			<key>path</key>
			<string>DRGenre.h</string>
			<key>sourceTree</key>
			<string>&lt;group&gt;</string>
		</dict>
		<key>50E8701218F7095900BD1385</key>
		<dict>
			<key>fileEncoding</key>
			<string>4</string>
			<key>isa</key>
			<string>PBXFileReference</string>
			<key>lastKnownFileType</key>
			<string>sourcecode.c.objc</string>
			<key>path</key>
			<string>DRGenre.m</string>
			<key>sourceTree</key>
			<string>&lt;group&gt;</string>
		</dict>
		<key>50E8701318F7095900BD1385</key>
		<dict>
			<key>fileRef</key>
			<string>50E8701218F7095900BD1385</string>
			<key>isa</key>
			<string>PBXBuildFile</string>
		</dict>
		<key>50E8701418F7095900BD1385</key>
		<dict>
			<key>fileRef</key>
			<string>50E8701218F7095900BD1385</string>
			<key>isa</key>
			<string>PBXBuildFile</string>
		</dict>
		<key>50E8701518F70BB400BD1385</key>
		<dict>
			<key>fileEncoding</key>
			<string>4</string>
			<key>isa</key>
			<string>PBXFileReference</string>
			<key>lastKnownFileType</key>
			<string>sourcecode.c.h</string>
			<key>path</key>
			<string>DRGenresTableViewController.h</string>
			<key>sourceTree</key>
			<string>&lt;group&gt;</string>
		</dict>
		<key>50E8701618F70BB400BD1385</key>
		<dict>
			<key>fileEncoding</key>
			<string>4</string>
			<key>isa</key>
			<string>PBXFileReference</string>
			<key>lastKnownFileType</key>
			<string>sourcecode.c.objc</string>
			<key>path</key>
			<string>DRGenresTableViewController.m</string>
			<key>sourceTree</key>
			<string>&lt;group&gt;</string>
		</dict>
		<key>50E8701718F70BB400BD1385</key>
		<dict>
			<key>fileRef</key>
			<string>50E8701618F70BB400BD1385</string>
			<key>isa</key>
			<string>PBXBuildFile</string>
		</dict>
		<key>50E8701E18F715C600BD1385</key>
		<dict>
			<key>fileEncoding</key>
			<string>4</string>
			<key>isa</key>
			<string>PBXFileReference</string>
			<key>lastKnownFileType</key>
			<string>sourcecode.c.h</string>
			<key>name</key>
			<string>DRFeatureCollectionViewCell.h</string>
			<key>path</key>
			<string>../DRFeatureCollectionViewCell.h</string>
			<key>sourceTree</key>
			<string>&lt;group&gt;</string>
		</dict>
		<key>50E8701F18F715C600BD1385</key>
		<dict>
			<key>fileEncoding</key>
			<string>4</string>
			<key>isa</key>
			<string>PBXFileReference</string>
			<key>lastKnownFileType</key>
			<string>sourcecode.c.objc</string>
			<key>name</key>
			<string>DRFeatureCollectionViewCell.m</string>
			<key>path</key>
			<string>../DRFeatureCollectionViewCell.m</string>
			<key>sourceTree</key>
			<string>&lt;group&gt;</string>
		</dict>
		<key>50E8702018F715C600BD1385</key>
		<dict>
			<key>fileRef</key>
			<string>50E8701F18F715C600BD1385</string>
			<key>isa</key>
			<string>PBXBuildFile</string>
		</dict>
		<key>50E8702118F7175A00BD1385</key>
		<dict>
			<key>fileEncoding</key>
			<string>4</string>
			<key>isa</key>
			<string>PBXFileReference</string>
			<key>lastKnownFileType</key>
			<string>sourcecode.c.h</string>
			<key>path</key>
			<string>DRFeature.h</string>
			<key>sourceTree</key>
			<string>&lt;group&gt;</string>
		</dict>
		<key>50E8702218F7175A00BD1385</key>
		<dict>
			<key>fileEncoding</key>
			<string>4</string>
			<key>isa</key>
			<string>PBXFileReference</string>
			<key>lastKnownFileType</key>
			<string>sourcecode.c.objc</string>
			<key>path</key>
			<string>DRFeature.m</string>
			<key>sourceTree</key>
			<string>&lt;group&gt;</string>
		</dict>
		<key>50E8702318F7175A00BD1385</key>
		<dict>
			<key>fileRef</key>
			<string>50E8702218F7175A00BD1385</string>
			<key>isa</key>
			<string>PBXBuildFile</string>
		</dict>
		<key>50E8702418F7175A00BD1385</key>
		<dict>
			<key>fileRef</key>
			<string>50E8702218F7175A00BD1385</string>
			<key>isa</key>
			<string>PBXBuildFile</string>
		</dict>
		<key>6648F52C34CD4940B4B09269</key>
		<dict>
			<key>buildActionMask</key>
			<string>2147483647</string>
			<key>files</key>
			<array/>
			<key>inputPaths</key>
			<array/>
			<key>isa</key>
			<string>PBXShellScriptBuildPhase</string>
			<key>name</key>
			<string>Check Pods Manifest.lock</string>
			<key>outputPaths</key>
			<array/>
			<key>runOnlyForDeploymentPostprocessing</key>
			<string>0</string>
			<key>shellPath</key>
			<string>/bin/sh</string>
			<key>shellScript</key>
			<string>diff "${PODS_ROOT}/../Podfile.lock" "${PODS_ROOT}/Manifest.lock" &gt; /dev/null
if [[ $? != 0 ]] ; then
    cat &lt;&lt; EOM
error: The sandbox is not in sync with the Podfile.lock. Run 'pod install' or update your CocoaPods installation.
EOM
    exit 1
fi
</string>
			<key>showEnvVarsInLog</key>
			<string>0</string>
		</dict>
		<key>DA5CF45C49204500AD84F28F</key>
		<dict>
			<key>buildActionMask</key>
			<string>2147483647</string>
			<key>files</key>
			<array/>
			<key>inputPaths</key>
			<array/>
			<key>isa</key>
			<string>PBXShellScriptBuildPhase</string>
			<key>name</key>
			<string>Copy Pods Resources</string>
			<key>outputPaths</key>
			<array/>
			<key>runOnlyForDeploymentPostprocessing</key>
			<string>0</string>
			<key>shellPath</key>
			<string>/bin/sh</string>
			<key>shellScript</key>
			<string>"${SRCROOT}/Pods/Pods-resources.sh"
</string>
			<key>showEnvVarsInLog</key>
			<string>0</string>
		</dict>
	</dict>
	<key>rootObject</key>
	<string>50E86FBB18F6DCB500BD1385</string>
</dict>
</plist>
